
Microsoft Visual Studio Solution File, Format Version 12.00
# Visual Studio Version 17
VisualStudioVersion = 17.4.33122.133
MinimumVisualStudioVersion = 10.0.40219.1
Project("{2150E333-8FDC-42A3-9474-1A3956D46DE8}") = "src", "src", "{EF204F9A-B812-4956-B45A-D1974C802D1C}"
EndProject
Project("{2150E333-8FDC-42A3-9474-1A3956D46DE8}") = "test", "test", "{BFF79F9C-6D9B-4E92-B04B-4570C20D70AE}"
EndProject
Project("{2150E333-8FDC-42A3-9474-1A3956D46DE8}") = "01-Infrastructure", "01-Infrastructure", "{485836E5-09CB-42E2-A6C5-29F1F5156AB7}"
EndProject
Project("{2150E333-8FDC-42A3-9474-1A3956D46DE8}") = "02-Data", "02-Data", "{F492B338-DCB7-442B-B996-E00EA0C0ADD1}"
EndProject
Project("{2150E333-8FDC-42A3-9474-1A3956D46DE8}") = "03-Business", "03-Business", "{737D8191-20C9-4871-B536-E45E0AB4BA36}"
EndProject
Project("{2150E333-8FDC-42A3-9474-1A3956D46DE8}") = "04-Presentation", "04-Presentation", "{1D4FA687-D722-4804-9199-064B4350E181}"
EndProject
Project("{9A19103F-16F7-4668-BE54-9A1E7A4F7556}") = "Core", "src\Core\Core.csproj", "{4082268C-C832-4AB4-8B08-10CBB405F7C2}"
EndProject
Project("{9A19103F-16F7-4668-BE54-9A1E7A4F7556}") = "Models", "src\Models\Models.csproj", "{ED1FD57F-40BA-461E-9B32-8D9411292427}"
EndProject
Project("{9A19103F-16F7-4668-BE54-9A1E7A4F7556}") = "Api", "src\Api\Api.csproj", "{77D1EB43-3D0D-4F04-B494-D8331C8271E9}"
EndProject
Project("{FAE04EC0-301F-11D3-BF4B-00C04F79EFBC}") = "Application", "src\Application\Application.csproj", "{FDB2A3AB-0A48-45DC-A32B-916FB3437EDF}"
EndProject
Global
	GlobalSection(SolutionConfigurationPlatforms) = preSolution
		Debug|Any CPU = Debug|Any CPU
		Release|Any CPU = Release|Any CPU
	EndGlobalSection
	GlobalSection(ProjectConfigurationPlatforms) = postSolution
		{4082268C-C832-4AB4-8B08-10CBB405F7C2}.Debug|Any CPU.ActiveCfg = Debug|Any CPU
		{4082268C-C832-4AB4-8B08-10CBB405F7C2}.Debug|Any CPU.Build.0 = Debug|Any CPU
		{4082268C-C832-4AB4-8B08-10CBB405F7C2}.Release|Any CPU.ActiveCfg = Release|Any CPU
		{4082268C-C832-4AB4-8B08-10CBB405F7C2}.Release|Any CPU.Build.0 = Release|Any CPU
		{ED1FD57F-40BA-461E-9B32-8D9411292427}.Debug|Any CPU.ActiveCfg = Debug|Any CPU
		{ED1FD57F-40BA-461E-9B32-8D9411292427}.Debug|Any CPU.Build.0 = Debug|Any CPU
		{ED1FD57F-40BA-461E-9B32-8D9411292427}.Release|Any CPU.ActiveCfg = Release|Any CPU
		{ED1FD57F-40BA-461E-9B32-8D9411292427}.Release|Any CPU.Build.0 = Release|Any CPU
		{77D1EB43-3D0D-4F04-B494-D8331C8271E9}.Debug|Any CPU.ActiveCfg = Debug|Any CPU
		{77D1EB43-3D0D-4F04-B494-D8331C8271E9}.Debug|Any CPU.Build.0 = Debug|Any CPU
		{77D1EB43-3D0D-4F04-B494-D8331C8271E9}.Release|Any CPU.ActiveCfg = Release|Any CPU
		{77D1EB43-3D0D-4F04-B494-D8331C8271E9}.Release|Any CPU.Build.0 = Release|Any CPU
		{FDB2A3AB-0A48-45DC-A32B-916FB3437EDF}.Debug|Any CPU.ActiveCfg = Debug|Any CPU
		{FDB2A3AB-0A48-45DC-A32B-916FB3437EDF}.Debug|Any CPU.Build.0 = Debug|Any CPU
		{FDB2A3AB-0A48-45DC-A32B-916FB3437EDF}.Release|Any CPU.ActiveCfg = Release|Any CPU
		{FDB2A3AB-0A48-45DC-A32B-916FB3437EDF}.Release|Any CPU.Build.0 = Release|Any CPU
	EndGlobalSection
	GlobalSection(SolutionProperties) = preSolution
		HideSolutionNode = FALSE
	EndGlobalSection
	GlobalSection(NestedProjects) = preSolution
		{485836E5-09CB-42E2-A6C5-29F1F5156AB7} = {EF204F9A-B812-4956-B45A-D1974C802D1C}
		{F492B338-DCB7-442B-B996-E00EA0C0ADD1} = {EF204F9A-B812-4956-B45A-D1974C802D1C}
		{737D8191-20C9-4871-B536-E45E0AB4BA36} = {EF204F9A-B812-4956-B45A-D1974C802D1C}
		{1D4FA687-D722-4804-9199-064B4350E181} = {EF204F9A-B812-4956-B45A-D1974C802D1C}
		{4082268C-C832-4AB4-8B08-10CBB405F7C2} = {485836E5-09CB-42E2-A6C5-29F1F5156AB7}
		{ED1FD57F-40BA-461E-9B32-8D9411292427} = {485836E5-09CB-42E2-A6C5-29F1F5156AB7}
		{77D1EB43-3D0D-4F04-B494-D8331C8271E9} = {1D4FA687-D722-4804-9199-064B4350E181}
		{FDB2A3AB-0A48-45DC-A32B-916FB3437EDF} = {737D8191-20C9-4871-B536-E45E0AB4BA36}
	EndGlobalSection
	GlobalSection(ExtensibilityGlobals) = postSolution
		SolutionGuid = {D68870F3-4F58-4B57-90D1-DD0FE1F22D37}
	EndGlobalSection
EndGlobal
